
Microsoft Visual Studio Solution File, Format Version 12.00
# Visual Studio 15
VisualStudioVersion = 15.0.28010.2050
MinimumVisualStudioVersion = 10.0.40219.1
Project("{FAE04EC0-301F-11D3-BF4B-00C04F79EFBC}") = "AmazonSESBulkMail", "AmazonSESBulkMail\AmazonSESBulkMail.csproj", "{7DA9A05F-BE46-458F-8FB2-47A73C80C888}"
EndProject
Global
	GlobalSection(SolutionConfigurationPlatforms) = preSolution
		Debug|Any CPU = Debug|Any CPU
		Release|Any CPU = Release|Any CPU
	EndGlobalSection
	GlobalSection(ProjectConfigurationPlatforms) = postSolution
		{7DA9A05F-BE46-458F-8FB2-47A73C80C888}.Debug|Any CPU.ActiveCfg = Debug|Any CPU
		{7DA9A05F-BE46-458F-8FB2-47A73C80C888}.Debug|Any CPU.Build.0 = Debug|Any CPU
		{7DA9A05F-BE46-458F-8FB2-47A73C80C888}.Release|Any CPU.ActiveCfg = Release|Any CPU
		{7DA9A05F-BE46-458F-8FB2-47A73C80C888}.Release|Any CPU.Build.0 = Release|Any CPU
	EndGlobalSection
	GlobalSection(SolutionProperties) = preSolution
		HideSolutionNode = FALSE
	EndGlobalSection
	GlobalSection(ExtensibilityGlobals) = postSolution
		SolutionGuid = {5C0ABE76-4295-423E-A6D2-B8F006D25238}
	EndGlobalSection
EndGlobal
